
Microsoft Visual Studio Solution File, Format Version 12.00
# Visual Studio Version 17
VisualStudioVersion = 17.4.33122.133
MinimumVisualStudioVersion = 10.0.40219.1
Project("{9A19103F-16F7-4668-BE54-9A1E7A4F7556}") = "IXION.CreativeMode", "IXION.CreativeMode\IXION.CreativeMode.csproj", "{F8A38C3E-6B98-476A-BC70-30F8AC1815CE}"
EndProject
Project("{9A19103F-16F7-4668-BE54-9A1E7A4F7556}") = "IXION.PauseGameOption", "IXION.PauseGameOption\IXION.PauseGameOption.csproj", "{DB4D7FE7-164C-4F2C-BD71-E9051E269137}"
EndProject
Global
	GlobalSection(SolutionConfigurationPlatforms) = preSolution
		Debug|Any CPU = Debug|Any CPU
		Release|Any CPU = Release|Any CPU
	EndGlobalSection
	GlobalSection(ProjectConfigurationPlatforms) = postSolution
		{F8A38C3E-6B98-476A-BC70-30F8AC1815CE}.Debug|Any CPU.ActiveCfg = Debug|Any CPU
		{F8A38C3E-6B98-476A-BC70-30F8AC1815CE}.Debug|Any CPU.Build.0 = Debug|Any CPU
		{F8A38C3E-6B98-476A-BC70-30F8AC1815CE}.Release|Any CPU.ActiveCfg = Release|Any CPU
		{F8A38C3E-6B98-476A-BC70-30F8AC1815CE}.Release|Any CPU.Build.0 = Release|Any CPU
		{DB4D7FE7-164C-4F2C-BD71-E9051E269137}.Debug|Any CPU.ActiveCfg = Debug|Any CPU
		{DB4D7FE7-164C-4F2C-BD71-E9051E269137}.Debug|Any CPU.Build.0 = Debug|Any CPU
		{DB4D7FE7-164C-4F2C-BD71-E9051E269137}.Release|Any CPU.ActiveCfg = Release|Any CPU
		{DB4D7FE7-164C-4F2C-BD71-E9051E269137}.Release|Any CPU.Build.0 = Release|Any CPU
	EndGlobalSection
	GlobalSection(SolutionProperties) = preSolution
		HideSolutionNode = FALSE
	EndGlobalSection
	GlobalSection(ExtensibilityGlobals) = postSolution
		SolutionGuid = {2E6DD768-DA1A-4878-833F-6641D93B44BE}
	EndGlobalSection
EndGlobal
